{
  "name": "tcrp12",
  "version": "1.0.0",
  "lockfileVersion": 3,
  "requires": true,
  "packages": {
    "": {
      "name": "tcrp12",
      "version": "1.0.0",
      "license": "ISC",
      "dependencies": {
        "@types/sql.js": "^1.4.9",
        "sql.js": "^1.11.0"
      }
    },
    "node_modules/@types/emscripten": {
      "version": "1.39.13",
      "resolved": "https://registry.npmjs.org/@types/emscripten/-/emscripten-1.39.13.tgz",
      "integrity": "sha512-cFq+fO/isvhvmuP/+Sl4K4jtU6E23DoivtbO4r50e3odaxAiVdbfSYRDdJ4gCdxx+3aRjhphS5ZMwIH4hFy/Cw=="
    },
    "node_modules/@types/node": {
      "version": "22.5.5",
      "resolved": "https://registry.npmjs.org/@types/node/-/node-22.5.5.tgz",
      "integrity": "sha512-Xjs4y5UPO/CLdzpgR6GirZJx36yScjh73+2NlLlkFRSoQN8B0DpfXPdZGnvVmLRLOsqDpOfTNv7D9trgGhmOIA==",
      "dependencies": {
        "undici-types": "~6.19.2"
      }
    },
    "node_modules/@types/sql.js": {
      "version": "1.4.9",
      "resolved": "https://registry.npmjs.org/@types/sql.js/-/sql.js-1.4.9.tgz",
      "integrity": "sha512-ep8b36RKHlgWPqjNG9ToUrPiwkhwh0AEzy883mO5Xnd+cL6VBH1EvSjBAAuxLUFF2Vn/moE3Me6v9E1Lo+48GQ==",
      "dependencies": {
        "@types/emscripten": "*",
        "@types/node": "*"
      }
    },
    "node_modules/sql.js": {
      "version": "1.11.0",
      "resolved": "https://registry.npmjs.org/sql.js/-/sql.js-1.11.0.tgz",
      "integrity": "sha512-GsLUDU3vhOo14Pd5ME0y2te49JQyby6HuoCuadevEV+CGgTUjmYRrm7B7lhRyzOgrmcWmspUfyjNb6sOAEqdsA=="
    },
    "node_modules/undici-types": {
      "version": "6.19.8",
      "resolved": "https://registry.npmjs.org/undici-types/-/undici-types-6.19.8.tgz",
      "integrity": "sha512-ve2KP6f/JnbPBFyobGHuerC9g1FYGn/F8n1LWTwNxCEzd6IfqTwUQcNXgEtmmQ6DlRrC1hrSrBnCZPokRrDHjw=="
    }
  }
}
